
Microsoft Visual Studio Solution File, Format Version 12.00
# Visual Studio 14
VisualStudioVersion = 14.0.23107.0
MinimumVisualStudioVersion = 10.0.40219.1
Project("{FAE04EC0-301F-11D3-BF4B-00C04F79EFBC}") = "OrderSheetCreator", "OrderSheetCreator\OrderSheetCreator.csproj", "{208335DD-B7A4-4504-B77B-0552B3A11D65}"
EndProject
Project("{FAE04EC0-301F-11D3-BF4B-00C04F79EFBC}") = "entity", "entity\entity.csproj", "{1CC5BAEC-4966-4023-AE1F-4C856F209899}"
EndProject
Project("{FAE04EC0-301F-11D3-BF4B-00C04F79EFBC}") = "UnitTestProject1", "UnitTestProject1\UnitTestProject1.csproj", "{356EC647-0B36-40D9-ADAE-26A3C1D6D76E}"
EndProject
Project("{FAE04EC0-301F-11D3-BF4B-00C04F79EFBC}") = "entityTmp", "entityTmp\entityTmp.csproj", "{1B3FA5A1-D276-4F34-B803-D83A2BD7EEF2}"
EndProject
Project("{FAE04EC0-301F-11D3-BF4B-00C04F79EFBC}") = "Reg", "Reg\Reg.csproj", "{70794F04-8D06-4804-A2F8-3D0EDBE5E027}"
EndProject
Global
	GlobalSection(SolutionConfigurationPlatforms) = preSolution
		Debug|Any CPU = Debug|Any CPU
		Release|Any CPU = Release|Any CPU
	EndGlobalSection
	GlobalSection(ProjectConfigurationPlatforms) = postSolution
		{208335DD-B7A4-4504-B77B-0552B3A11D65}.Debug|Any CPU.ActiveCfg = Debug|Any CPU
		{208335DD-B7A4-4504-B77B-0552B3A11D65}.Debug|Any CPU.Build.0 = Debug|Any CPU
		{208335DD-B7A4-4504-B77B-0552B3A11D65}.Release|Any CPU.ActiveCfg = Release|Any CPU
		{208335DD-B7A4-4504-B77B-0552B3A11D65}.Release|Any CPU.Build.0 = Release|Any CPU
		{1CC5BAEC-4966-4023-AE1F-4C856F209899}.Debug|Any CPU.ActiveCfg = Debug|Any CPU
		{1CC5BAEC-4966-4023-AE1F-4C856F209899}.Debug|Any CPU.Build.0 = Debug|Any CPU
		{1CC5BAEC-4966-4023-AE1F-4C856F209899}.Release|Any CPU.ActiveCfg = Release|Any CPU
		{1CC5BAEC-4966-4023-AE1F-4C856F209899}.Release|Any CPU.Build.0 = Release|Any CPU
		{356EC647-0B36-40D9-ADAE-26A3C1D6D76E}.Debug|Any CPU.ActiveCfg = Debug|Any CPU
		{356EC647-0B36-40D9-ADAE-26A3C1D6D76E}.Debug|Any CPU.Build.0 = Debug|Any CPU
		{356EC647-0B36-40D9-ADAE-26A3C1D6D76E}.Release|Any CPU.ActiveCfg = Release|Any CPU
		{356EC647-0B36-40D9-ADAE-26A3C1D6D76E}.Release|Any CPU.Build.0 = Release|Any CPU
		{1B3FA5A1-D276-4F34-B803-D83A2BD7EEF2}.Debug|Any CPU.ActiveCfg = Debug|Any CPU
		{1B3FA5A1-D276-4F34-B803-D83A2BD7EEF2}.Debug|Any CPU.Build.0 = Debug|Any CPU
		{1B3FA5A1-D276-4F34-B803-D83A2BD7EEF2}.Release|Any CPU.ActiveCfg = Release|Any CPU
		{1B3FA5A1-D276-4F34-B803-D83A2BD7EEF2}.Release|Any CPU.Build.0 = Release|Any CPU
		{70794F04-8D06-4804-A2F8-3D0EDBE5E027}.Debug|Any CPU.ActiveCfg = Debug|Any CPU
		{70794F04-8D06-4804-A2F8-3D0EDBE5E027}.Debug|Any CPU.Build.0 = Debug|Any CPU
		{70794F04-8D06-4804-A2F8-3D0EDBE5E027}.Release|Any CPU.ActiveCfg = Release|Any CPU
		{70794F04-8D06-4804-A2F8-3D0EDBE5E027}.Release|Any CPU.Build.0 = Release|Any CPU
	EndGlobalSection
	GlobalSection(SolutionProperties) = preSolution
		HideSolutionNode = FALSE
	EndGlobalSection
EndGlobal
